
Microsoft Visual Studio Solution File, Format Version 12.00
# Visual Studio Version 17
VisualStudioVersion = 17.13.35818.85 d17.13
MinimumVisualStudioVersion = 10.0.40219.1
Project("{FAE04EC0-301F-11D3-BF4B-00C04F79EFBC}") = "Cyber Security Chatbot", "Cyber Security Chatbot.csproj", "{01A69C2F-4C1C-4254-A0E8-A006210B4E11}"
EndProject
Global
	GlobalSection(SolutionConfigurationPlatforms) = preSolution
		Debug|Any CPU = Debug|Any CPU
		Release|Any CPU = Release|Any CPU
	EndGlobalSection
	GlobalSection(ProjectConfigurationPlatforms) = postSolution
		{01A69C2F-4C1C-4254-A0E8-A006210B4E11}.Debug|Any CPU.ActiveCfg = Debug|Any CPU
		{01A69C2F-4C1C-4254-A0E8-A006210B4E11}.Debug|Any CPU.Build.0 = Debug|Any CPU
		{01A69C2F-4C1C-4254-A0E8-A006210B4E11}.Release|Any CPU.ActiveCfg = Release|Any CPU
		{01A69C2F-4C1C-4254-A0E8-A006210B4E11}.Release|Any CPU.Build.0 = Release|Any CPU
	EndGlobalSection
	GlobalSection(SolutionProperties) = preSolution
		HideSolutionNode = FALSE
	EndGlobalSection
	GlobalSection(ExtensibilityGlobals) = postSolution
		SolutionGuid = {D1F2D412-69A4-4E0E-8BED-78FAB4765EA8}
	EndGlobalSection
EndGlobal
